// !$*UTF8*$!
{
	archiveVersion = 1;
	classes = {
	};
	objectVersion = 46;
	objects = {

/* Begin PBXBuildFile section */
		E2EC4FB61A1A659600C832E1 /* AppDelegate.swift in Sources */ = {isa = PBXBuildFile; fileRef = E2EC4FB51A1A659600C832E1 /* AppDelegate.swift */; };
		E2EC4FB81A1A659600C832E1 /* ViewController.swift in Sources */ = {isa = PBXBuildFile; fileRef = E2EC4FB71A1A659600C832E1 /* ViewController.swift */; };
		E2EC4FBB1A1A659600C832E1 /* Main.storyboard in Resources */ = {isa = PBXBuildFile; fileRef = E2EC4FB91A1A659600C832E1 /* Main.storyboard */; };
		E2EC4FBD1A1A659600C832E1 /* Images.xcassets in Resources */ = {isa = PBXBuildFile; fileRef = E2EC4FBC1A1A659600C832E1 /* Images.xcassets */; };
		E2EC4FC01A1A659600C832E1 /* LaunchScreen.xib in Resources */ = {isa = PBXBuildFile; fileRef = E2EC4FBE1A1A659600C832E1 /* LaunchScreen.xib */; };
		E2EC4FCC1A1A659600C832E1 /* RatingTests.swift in Sources */ = {isa = PBXBuildFile; fileRef = E2EC4FCB1A1A659600C832E1 /* RatingTests.swift */; };
/* End PBXBuildFile section */

/* Begin PBXContainerItemProxy section */
		E2EC4FC61A1A659600C832E1 /* PBXContainerItemProxy */ = {
			isa = PBXContainerItemProxy;
			containerPortal = E2EC4FA81A1A659600C832E1 /* Project object */;
			proxyType = 1;
			remoteGlobalIDString = E2EC4FAF1A1A659600C832E1;
			remoteInfo = Rating;
		};
/* End PBXContainerItemProxy section */

/* Begin PBXFileReference section */
		E2EC4FB01A1A659600C832E1 /* Rating.app */ = {isa = PBXFileReference; explicitFileType = wrapper.application; includeInIndex = 0; path = Rating.app; sourceTree = BUILT_PRODUCTS_DIR; };
		E2EC4FB41A1A659600C832E1 /* Info.plist */ = {isa = PBXFileReference; lastKnownFileType = text.plist.xml; path = Info.plist; sourceTree = "<group>"; };
		E2EC4FB51A1A659600C832E1 /* AppDelegate.swift */ = {isa = PBXFileReference; lastKnownFileType = sourcecode.swift; path = AppDelegate.swift; sourceTree = "<group>"; };
		E2EC4FB71A1A659600C832E1 /* ViewController.swift */ = {isa = PBXFileReference; lastKnownFileType = sourcecode.swift; path = ViewController.swift; sourceTree = "<group>"; };
		E2EC4FBA1A1A659600C832E1 /* Base */ = {isa = PBXFileReference; lastKnownFileType = file.storyboard; name = Base; path = Base.lproj/Main.storyboard; sourceTree = "<group>"; };
		E2EC4FBC1A1A659600C832E1 /* Images.xcassets */ = {isa = PBXFileReference; lastKnownFileType = folder.assetcatalog; path = Images.xcassets; sourceTree = "<group>"; };
		E2EC4FBF1A1A659600C832E1 /* Base */ = {isa = PBXFileReference; lastKnownFileType = file.xib; name = Base; path = Base.lproj/LaunchScreen.xib; sourceTree = "<group>"; };
		E2EC4FC51A1A659600C832E1 /* RatingTests.xctest */ = {isa = PBXFileReference; explicitFileType = wrapper.cfbundle; includeInIndex = 0; path = RatingTests.xctest; sourceTree = BUILT_PRODUCTS_DIR; };
		E2EC4FCA1A1A659600C832E1 /* Info.plist */ = {isa = PBXFileReference; lastKnownFileType = text.plist.xml; path = Info.plist; sourceTree = "<group>"; };
		E2EC4FCB1A1A659600C832E1 /* RatingTests.swift */ = {isa = PBXFileReference; lastKnownFileType = sourcecode.swift; path = RatingTests.swift; sourceTree = "<group>"; };
/* End PBXFileReference section */

/* Begin PBXFrameworksBuildPhase section */
		E2EC4FAD1A1A659600C832E1 /* Frameworks */ = {
			isa = PBXFrameworksBuildPhase;
			buildActionMask = 2147483647;
			files = (
			);
			runOnlyForDeploymentPostprocessing = 0;
		};
		E2EC4FC21A1A659600C832E1 /* Frameworks */ = {
			isa = PBXFrameworksBuildPhase;
			buildActionMask = 2147483647;
			files = (
			);
			runOnlyForDeploymentPostprocessing = 0;
		};
/* End PBXFrameworksBuildPhase section */

/* Begin PBXGroup section */
		E2EC4FA71A1A659600C832E1 = {
			isa = PBXGroup;
			children = (
				E2EC4FB21A1A659600C832E1 /* Rating */,
				E2EC4FC81A1A659600C832E1 /* RatingTests */,
				E2EC4FB11A1A659600C832E1 /* Products */,
			);
			sourceTree = "<group>";
		};
		E2EC4FB11A1A659600C832E1 /* Products */ = {
			isa = PBXGroup;
			children = (
				E2EC4FB01A1A659600C832E1 /* Rating.app */,
				E2EC4FC51A1A659600C832E1 /* RatingTests.xctest */,
			);
			name = Products;
			sourceTree = "<group>";
		};
		E2EC4FB21A1A659600C832E1 /* Rating */ = {
			isa = PBXGroup;
			children = (
				E2EC4FB51A1A659600C832E1 /* AppDelegate.swift */,
				E2EC4FB71A1A659600C832E1 /* ViewController.swift */,
				E2EC4FB91A1A659600C832E1 /* Main.storyboard */,
				E2EC4FBC1A1A659600C832E1 /* Images.xcassets */,
				E2EC4FBE1A1A659600C832E1 /* LaunchScreen.xib */,
				E2EC4FB31A1A659600C832E1 /* Supporting Files */,
			);
			path = Rating;
			sourceTree = "<group>";
		};
		E2EC4FB31A1A659600C832E1 /* Supporting Files */ = {
			isa = PBXGroup;
			children = (
				E2EC4FB41A1A659600C832E1 /* Info.plist */,
			);
			name = "Supporting Files";
			sourceTree = "<group>";
		};
		E2EC4FC81A1A659600C832E1 /* RatingTests */ = {
			isa = PBXGroup;
			children = (
				E2EC4FCB1A1A659600C832E1 /* RatingTests.swift */,
				E2EC4FC91A1A659600C832E1 /* Supporting Files */,
			);
			path = RatingTests;
			sourceTree = "<group>";
		};
		E2EC4FC91A1A659600C832E1 /* Supporting Files */ = {
			isa = PBXGroup;
			children = (
				E2EC4FCA1A1A659600C832E1 /* Info.plist */,
			);
			name = "Supporting Files";
			sourceTree = "<group>";
		};
/* End PBXGroup section */

/* Begin PBXNativeTarget section */
		E2EC4FAF1A1A659600C832E1 /* Rating */ = {
			isa = PBXNativeTarget;
			buildConfigurationList = E2EC4FCF1A1A659600C832E1 /* Build configuration list for PBXNativeTarget "Rating" */;
			buildPhases = (
				E2EC4FAC1A1A659600C832E1 /* Sources */,
				E2EC4FAD1A1A659600C832E1 /* Frameworks */,
				E2EC4FAE1A1A659600C832E1 /* Resources */,
			);
			buildRules = (
			);
			dependencies = (
			);
			name = Rating;
			productName = Rating;
			productReference = E2EC4FB01A1A659600C832E1 /* Rating.app */;
			productType = "com.apple.product-type.application";
		};
		E2EC4FC41A1A659600C832E1 /* RatingTests */ = {
			isa = PBXNativeTarget;
			buildConfigurationList = E2EC4FD21A1A659600C832E1 /* Build configuration list for PBXNativeTarget "RatingTests" */;
			buildPhases = (
				E2EC4FC11A1A659600C832E1 /* Sources */,
				E2EC4FC21A1A659600C832E1 /* Frameworks */,
				E2EC4FC31A1A659600C832E1 /* Resources */,
			);
			buildRules = (
			);
			dependencies = (
				E2EC4FC71A1A659600C832E1 /* PBXTargetDependency */,
			);
			name = RatingTests;
			productName = RatingTests;
			productReference = E2EC4FC51A1A659600C832E1 /* RatingTests.xctest */;
			productType = "com.apple.product-type.bundle.unit-test";
		};
/* End PBXNativeTarget section */

/* Begin PBXProject section */
		E2EC4FA81A1A659600C832E1 /* Project object */ = {
			isa = PBXProject;
			attributes = {
				LastUpgradeCheck = 0600;
				ORGANIZATIONNAME = ProFreX;
				TargetAttributes = {
					E2EC4FAF1A1A659600C832E1 = {
						CreatedOnToolsVersion = 6.0;
					};
					E2EC4FC41A1A659600C832E1 = {
						CreatedOnToolsVersion = 6.0;
						TestTargetID = E2EC4FAF1A1A659600C832E1;
					};
				};
			};
			buildConfigurationList = E2EC4FAB1A1A659600C832E1 /* Build configuration list for PBXProject "Rating" */;
			compatibilityVersion = "Xcode 3.2";
			developmentRegion = English;
			hasScannedForEncodings = 0;
			knownRegions = (
				en,
				Base,
			);
			mainGroup = E2EC4FA71A1A659600C832E1;
			productRefGroup = E2EC4FB11A1A659600C832E1 /* Products */;
			projectDirPath = "";
			projectRoot = "";
			targets = (
				E2EC4FAF1A1A659600C832E1 /* Rating */,
				E2EC4FC41A1A659600C832E1 /* RatingTests */,
			);
		};
/* End PBXProject section */

/* Begin PBXResourcesBuildPhase section */
		E2EC4FAE1A1A659600C832E1 /* Resources */ = {
			isa = PBXResourcesBuildPhase;
			buildActionMask = 2147483647;
			files = (
				E2EC4FBB1A1A659600C832E1 /* Main.storyboard in Resources */,
				E2EC4FC01A1A659600C832E1 /* LaunchScreen.xib in Resources */,
				E2EC4FBD1A1A659600C832E1 /* Images.xcassets in Resources */,
			);
			runOnlyForDeploymentPostprocessing = 0;
		};
		E2EC4FC31A1A659600C832E1 /* Resources */ = {
			isa = PBXResourcesBuildPhase;
			buildActionMask = 2147483647;
			files = (
			);
			runOnlyForDeploymentPostprocessing = 0;
		};
/* End PBXResourcesBuildPhase section */

/* Begin PBXSourcesBuildPhase section */
		E2EC4FAC1A1A659600C832E1 /* Sources */ = {
			isa = PBXSourcesBuildPhase;
			buildActionMask = 2147483647;
			files = (
				E2EC4FB81A1A659600C832E1 /* ViewController.swift in Sources */,
				E2EC4FB61A1A659600C832E1 /* AppDelegate.swift in Sources */,
			);
			runOnlyForDeploymentPostprocessing = 0;
		};
		E2EC4FC11A1A659600C832E1 /* Sources */ = {
			isa = PBXSourcesBuildPhase;
			buildActionMask = 2147483647;
			files = (
				E2EC4FCC1A1A659600C832E1 /* RatingTests.swift in Sources */,
			);
			runOnlyForDeploymentPostprocessing = 0;
		};
/* End PBXSourcesBuildPhase section */

/* Begin PBXTargetDependency section */
		E2EC4FC71A1A659600C832E1 /* PBXTargetDependency */ = {
			isa = PBXTargetDependency;
			target = E2EC4FAF1A1A659600C832E1 /* Rating */;
			targetProxy = E2EC4FC61A1A659600C832E1 /* PBXContainerItemProxy */;
		};
/* End PBXTargetDependency section */

/* Begin PBXVariantGroup section */
		E2EC4FB91A1A659600C832E1 /* Main.storyboard */ = {
			isa = PBXVariantGroup;
			children = (
				E2EC4FBA1A1A659600C832E1 /* Base */,
			);
			name = Main.storyboard;
			sourceTree = "<group>";
		};
		E2EC4FBE1A1A659600C832E1 /* LaunchScreen.xib */ = {
			isa = PBXVariantGroup;
			children = (
				E2EC4FBF1A1A659600C832E1 /* Base */,
			);
			name = LaunchScreen.xib;
			sourceTree = "<group>";
		};
/* End PBXVariantGroup section */

/* Begin XCBuildConfiguration section */
		E2EC4FCD1A1A659600C832E1 /* Debug */ = {
			isa = XCBuildConfiguration;
			buildSettings = {
				ALWAYS_SEARCH_USER_PATHS = NO;
				CLANG_CXX_LANGUAGE_STANDARD = "gnu++0x";
				CLANG_CXX_LIBRARY = "libc++";
				CLANG_ENABLE_MODULES = YES;
				CLANG_ENABLE_OBJC_ARC = YES;
				CLANG_WARN_BOOL_CONVERSION = YES;
				CLANG_WARN_CONSTANT_CONVERSION = YES;
				CLANG_WARN_DIRECT_OBJC_ISA_USAGE = YES_ERROR;
				CLANG_WARN_EMPTY_BODY = YES;
				CLANG_WARN_ENUM_CONVERSION = YES;
				CLANG_WARN_INT_CONVERSION = YES;
				CLANG_WARN_OBJC_ROOT_CLASS = YES_ERROR;
				CLANG_WARN_UNREACHABLE_CODE = YES;
				CLANG_WARN__DUPLICATE_METHOD_MATCH = YES;
				"CODE_SIGN_IDENTITY[sdk=iphoneos*]" = "iPhone Developer";
				COPY_PHASE_STRIP = NO;
				ENABLE_STRICT_OBJC_MSGSEND = YES;
				GCC_C_LANGUAGE_STANDARD = gnu99;
				GCC_DYNAMIC_NO_PIC = NO;
				GCC_OPTIMIZATION_LEVEL = 0;
				GCC_PREPROCESSOR_DEFINITIONS = (
					"DEBUG=1",
					"$(inherited)",
				);
				GCC_SYMBOLS_PRIVATE_EXTERN = NO;
				GCC_WARN_64_TO_32_BIT_CONVERSION = YES;
				GCC_WARN_ABOUT_RETURN_TYPE = YES_ERROR;
				GCC_WARN_UNDECLARED_SELECTOR = YES;
				GCC_WARN_UNINITIALIZED_AUTOS = YES_AGGRESSIVE;
				GCC_WARN_UNUSED_FUNCTION = YES;
				GCC_WARN_UNUSED_VARIABLE = YES;
				IPHONEOS_DEPLOYMENT_TARGET = 8.0;
				MTL_ENABLE_DEBUG_INFO = YES;
				ONLY_ACTIVE_ARCH = YES;
				SDKROOT = iphoneos;
				SWIFT_OPTIMIZATION_LEVEL = "-Onone";
			};
			name = Debug;
		};
		E2EC4FCE1A1A659600C832E1 /* Release */ = {
			isa = XCBuildConfiguration;
			buildSettings = {
				ALWAYS_SEARCH_USER_PATHS = NO;
				CLANG_CXX_LANGUAGE_STANDARD = "gnu++0x";
				CLANG_CXX_LIBRARY = "libc++";
				CLANG_ENABLE_MODULES = YES;
				CLANG_ENABLE_OBJC_ARC = YES;
				CLANG_WARN_BOOL_CONVERSION = YES;
				CLANG_WARN_CONSTANT_CONVERSION = YES;
				CLANG_WARN_DIRECT_OBJC_ISA_USAGE = YES_ERROR;
				CLANG_WARN_EMPTY_BODY = YES;
				CLANG_WARN_ENUM_CONVERSION = YES;
				CLANG_WARN_INT_CONVERSION = YES;
				CLANG_WARN_OBJC_ROOT_CLASS = YES_ERROR;
				CLANG_WARN_UNREACHABLE_CODE = YES;
				CLANG_WARN__DUPLICATE_METHOD_MATCH = YES;
				"CODE_SIGN_IDENTITY[sdk=iphoneos*]" = "iPhone Developer";
				COPY_PHASE_STRIP = YES;
				ENABLE_NS_ASSERTIONS = NO;
				ENABLE_STRICT_OBJC_MSGSEND = YES;
				GCC_C_LANGUAGE_STANDARD = gnu99;
				GCC_WARN_64_TO_32_BIT_CONVERSION = YES;
				GCC_WARN_ABOUT_RETURN_TYPE = YES_ERROR;
				GCC_WARN_UNDECLARED_SELECTOR = YES;
				GCC_WARN_UNINITIALIZED_AUTOS = YES_AGGRESSIVE;
				GCC_WARN_UNUSED_FUNCTION = YES;
				GCC_WARN_UNUSED_VARIABLE = YES;
				IPHONEOS_DEPLOYMENT_TARGET = 8.0;
				MTL_ENABLE_DEBUG_INFO = NO;
				SDKROOT = iphoneos;
				VALIDATE_PRODUCT = YES;
			};
			name = Release;
		};
		E2EC4FD01A1A659600C832E1 /* Debug */ = {
			isa = XCBuildConfiguration;
			buildSettings = {
				ASSETCATALOG_COMPILER_APPICON_NAME = AppIcon;
				INFOPLIST_FILE = Rating/Info.plist;
				LD_RUNPATH_SEARCH_PATHS = "$(inherited) @executable_path/Frameworks";
				PRODUCT_NAME = "$(TARGET_NAME)";
			};
			name = Debug;
		};
		E2EC4FD11A1A659600C832E1 /* Release */ = {
			isa = XCBuildConfiguration;
			buildSettings = {
				ASSETCATALOG_COMPILER_APPICON_NAME = AppIcon;
				INFOPLIST_FILE = Rating/Info.plist;
				LD_RUNPATH_SEARCH_PATHS = "$(inherited) @executable_path/Frameworks";
				PRODUCT_NAME = "$(TARGET_NAME)";
			};
			name = Release;
		};
		E2EC4FD31A1A659600C832E1 /* Debug */ = {
			isa = XCBuildConfiguration;
			buildSettings = {
				BUNDLE_LOADER = "$(TEST_HOST)";
				FRAMEWORK_SEARCH_PATHS = (
					"$(SDKROOT)/Developer/Library/Frameworks",
					"$(inherited)",
				);
				GCC_PREPROCESSOR_DEFINITIONS = (
					"DEBUG=1",
					"$(inherited)",
				);
				INFOPLIST_FILE = RatingTests/Info.plist;
				LD_RUNPATH_SEARCH_PATHS = "$(inherited) @executable_path/Frameworks @loader_path/Frameworks";
				PRODUCT_NAME = "$(TARGET_NAME)";
				TEST_HOST = "$(BUILT_PRODUCTS_DIR)/Rating.app/Rating";
			};
			name = Debug;
		};
		E2EC4FD41A1A659600C832E1 /* Release */ = {
			isa = XCBuildConfiguration;
			buildSettings = {
				BUNDLE_LOADER = "$(TEST_HOST)";
				FRAMEWORK_SEARCH_PATHS = (
					"$(SDKROOT)/Developer/Library/Frameworks",
					"$(inherited)",
				);
				INFOPLIST_FILE = RatingTests/Info.plist;
				LD_RUNPATH_SEARCH_PATHS = "$(inherited) @executable_path/Frameworks @loader_path/Frameworks";
				PRODUCT_NAME = "$(TARGET_NAME)";
				TEST_HOST = "$(BUILT_PRODUCTS_DIR)/Rating.app/Rating";
			};
			name = Release;
		};
/* End XCBuildConfiguration section */

/* Begin XCConfigurationList section */
		E2EC4FAB1A1A659600C832E1 /* Build configuration list for PBXProject "Rating" */ = {
			isa = XCConfigurationList;
			buildConfigurations = (
				E2EC4FCD1A1A659600C832E1 /* Debug */,
				E2EC4FCE1A1A659600C832E1 /* Release */,
			);
			defaultConfigurationIsVisible = 0;
			defaultConfigurationName = Release;
		};
		E2EC4FCF1A1A659600C832E1 /* Build configuration list for PBXNativeTarget "Rating" */ = {
			isa = XCConfigurationList;
			buildConfigurations = (
				E2EC4FD01A1A659600C832E1 /* Debug */,
				E2EC4FD11A1A659600C832E1 /* Release */,
			);
			defaultConfigurationIsVisible = 0;
		};
		E2EC4FD21A1A659600C832E1 /* Build configuration list for PBXNativeTarget "RatingTests" */ = {
			isa = XCConfigurationList;
			buildConfigurations = (
				E2EC4FD31A1A659600C832E1 /* Debug */,
				E2EC4FD41A1A659600C832E1 /* Release */,
			);
			defaultConfigurationIsVisible = 0;
		};
/* End XCConfigurationList section */
	};
	rootObject = E2EC4FA81A1A659600C832E1 /* Project object */;
}
